// !$*UTF8*$!
{
	archiveVersion = 1;
	classes = {
	};
	objectVersion = 46;
	objects = {

/* Begin PBXBuildFile section */
		FAA281C71D7F963F00B70F13 /* AppDelegate.swift in Sources */ = {isa = PBXBuildFile; fileRef = FAA281C61D7F963F00B70F13 /* AppDelegate.swift */; };
		FAA281C91D7F963F00B70F13 /* ViewController.swift in Sources */ = {isa = PBXBuildFile; fileRef = FAA281C81D7F963F00B70F13 /* ViewController.swift */; };
		FAA281CC1D7F963F00B70F13 /* Main.storyboard in Resources */ = {isa = PBXBuildFile; fileRef = FAA281CA1D7F963F00B70F13 /* Main.storyboard */; };
		FAA281CE1D7F963F00B70F13 /* Assets.xcassets in Resources */ = {isa = PBXBuildFile; fileRef = FAA281CD1D7F963F00B70F13 /* Assets.xcassets */; };
		FAA281D11D7F963F00B70F13 /* LaunchScreen.storyboard in Resources */ = {isa = PBXBuildFile; fileRef = FAA281CF1D7F963F00B70F13 /* LaunchScreen.storyboard */; };
		FAA281DC1D7F963F00B70F13 /* PairRandomizerTests.swift in Sources */ = {isa = PBXBuildFile; fileRef = FAA281DB1D7F963F00B70F13 /* PairRandomizerTests.swift */; };
		FAA281E71D7F963F00B70F13 /* PairRandomizerUITests.swift in Sources */ = {isa = PBXBuildFile; fileRef = FAA281E61D7F963F00B70F13 /* PairRandomizerUITests.swift */; };
		FAA281F61D7F9F0D00B70F13 /* Model.xcdatamodeld in Sources */ = {isa = PBXBuildFile; fileRef = FAA281F41D7F9F0D00B70F13 /* Model.xcdatamodeld */; };
		FAA281FB1D7FA12900B70F13 /* Student+CoreDataProperties.swift in Sources */ = {isa = PBXBuildFile; fileRef = FAA281F71D7FA12900B70F13 /* Student+CoreDataProperties.swift */; };
		FAA281FC1D7FA12900B70F13 /* Student.swift in Sources */ = {isa = PBXBuildFile; fileRef = FAA281F81D7FA12900B70F13 /* Student.swift */; };
		FAA281FD1D7FA12900B70F13 /* Subject+CoreDataProperties.swift in Sources */ = {isa = PBXBuildFile; fileRef = FAA281F91D7FA12900B70F13 /* Subject+CoreDataProperties.swift */; };
		FAA281FE1D7FA12900B70F13 /* Subject.swift in Sources */ = {isa = PBXBuildFile; fileRef = FAA281FA1D7FA12900B70F13 /* Subject.swift */; };
		FAA282001D7FA4B200B70F13 /* SubjectController.swift in Sources */ = {isa = PBXBuildFile; fileRef = FAA281FF1D7FA4B200B70F13 /* SubjectController.swift */; };
		FAA282041D7FA55000B70F13 /* Stack.swift in Sources */ = {isa = PBXBuildFile; fileRef = FAA282031D7FA55000B70F13 /* Stack.swift */; };
		FAA282091D7FAB1000B70F13 /* StudentController.swift in Sources */ = {isa = PBXBuildFile; fileRef = FAA282081D7FAB1000B70F13 /* StudentController.swift */; };
/* End PBXBuildFile section */

/* Begin PBXContainerItemProxy section */
		FAA281D81D7F963F00B70F13 /* PBXContainerItemProxy */ = {
			isa = PBXContainerItemProxy;
			containerPortal = FAA281BB1D7F963F00B70F13 /* Project object */;
			proxyType = 1;
			remoteGlobalIDString = FAA281C21D7F963F00B70F13;
			remoteInfo = PairRandomizer;
		};
		FAA281E31D7F963F00B70F13 /* PBXContainerItemProxy */ = {
			isa = PBXContainerItemProxy;
			containerPortal = FAA281BB1D7F963F00B70F13 /* Project object */;
			proxyType = 1;
			remoteGlobalIDString = FAA281C21D7F963F00B70F13;
			remoteInfo = PairRandomizer;
		};
/* End PBXContainerItemProxy section */

/* Begin PBXFileReference section */
		FAA281C31D7F963F00B70F13 /* PairRandomizer.app */ = {isa = PBXFileReference; explicitFileType = wrapper.application; includeInIndex = 0; path = PairRandomizer.app; sourceTree = BUILT_PRODUCTS_DIR; };
		FAA281C61D7F963F00B70F13 /* AppDelegate.swift */ = {isa = PBXFileReference; lastKnownFileType = sourcecode.swift; path = AppDelegate.swift; sourceTree = "<group>"; };
		FAA281C81D7F963F00B70F13 /* ViewController.swift */ = {isa = PBXFileReference; lastKnownFileType = sourcecode.swift; path = ViewController.swift; sourceTree = "<group>"; };
		FAA281CB1D7F963F00B70F13 /* Base */ = {isa = PBXFileReference; lastKnownFileType = file.storyboard; name = Base; path = Base.lproj/Main.storyboard; sourceTree = "<group>"; };
		FAA281CD1D7F963F00B70F13 /* Assets.xcassets */ = {isa = PBXFileReference; lastKnownFileType = folder.assetcatalog; path = Assets.xcassets; sourceTree = "<group>"; };
		FAA281D01D7F963F00B70F13 /* Base */ = {isa = PBXFileReference; lastKnownFileType = file.storyboard; name = Base; path = Base.lproj/LaunchScreen.storyboard; sourceTree = "<group>"; };
		FAA281D21D7F963F00B70F13 /* Info.plist */ = {isa = PBXFileReference; lastKnownFileType = text.plist.xml; path = Info.plist; sourceTree = "<group>"; };
		FAA281D71D7F963F00B70F13 /* PairRandomizerTests.xctest */ = {isa = PBXFileReference; explicitFileType = wrapper.cfbundle; includeInIndex = 0; path = PairRandomizerTests.xctest; sourceTree = BUILT_PRODUCTS_DIR; };
		FAA281DB1D7F963F00B70F13 /* PairRandomizerTests.swift */ = {isa = PBXFileReference; lastKnownFileType = sourcecode.swift; path = PairRandomizerTests.swift; sourceTree = "<group>"; };
		FAA281DD1D7F963F00B70F13 /* Info.plist */ = {isa = PBXFileReference; lastKnownFileType = text.plist.xml; path = Info.plist; sourceTree = "<group>"; };
		FAA281E21D7F963F00B70F13 /* PairRandomizerUITests.xctest */ = {isa = PBXFileReference; explicitFileType = wrapper.cfbundle; includeInIndex = 0; path = PairRandomizerUITests.xctest; sourceTree = BUILT_PRODUCTS_DIR; };
		FAA281E61D7F963F00B70F13 /* PairRandomizerUITests.swift */ = {isa = PBXFileReference; lastKnownFileType = sourcecode.swift; path = PairRandomizerUITests.swift; sourceTree = "<group>"; };
		FAA281E81D7F963F00B70F13 /* Info.plist */ = {isa = PBXFileReference; lastKnownFileType = text.plist.xml; path = Info.plist; sourceTree = "<group>"; };
		FAA281F51D7F9F0D00B70F13 /* Model.xcdatamodel */ = {isa = PBXFileReference; lastKnownFileType = wrapper.xcdatamodel; path = Model.xcdatamodel; sourceTree = "<group>"; };
		FAA281F71D7FA12900B70F13 /* Student+CoreDataProperties.swift */ = {isa = PBXFileReference; fileEncoding = 4; lastKnownFileType = sourcecode.swift; path = "Student+CoreDataProperties.swift"; sourceTree = "<group>"; };
		FAA281F81D7FA12900B70F13 /* Student.swift */ = {isa = PBXFileReference; fileEncoding = 4; lastKnownFileType = sourcecode.swift; path = Student.swift; sourceTree = "<group>"; };
		FAA281F91D7FA12900B70F13 /* Subject+CoreDataProperties.swift */ = {isa = PBXFileReference; fileEncoding = 4; lastKnownFileType = sourcecode.swift; path = "Subject+CoreDataProperties.swift"; sourceTree = "<group>"; };
		FAA281FA1D7FA12900B70F13 /* Subject.swift */ = {isa = PBXFileReference; fileEncoding = 4; lastKnownFileType = sourcecode.swift; path = Subject.swift; sourceTree = "<group>"; };
		FAA281FF1D7FA4B200B70F13 /* SubjectController.swift */ = {isa = PBXFileReference; fileEncoding = 4; lastKnownFileType = sourcecode.swift; path = SubjectController.swift; sourceTree = "<group>"; };
		FAA282031D7FA55000B70F13 /* Stack.swift */ = {isa = PBXFileReference; fileEncoding = 4; lastKnownFileType = sourcecode.swift; path = Stack.swift; sourceTree = "<group>"; };
		FAA282081D7FAB1000B70F13 /* StudentController.swift */ = {isa = PBXFileReference; fileEncoding = 4; lastKnownFileType = sourcecode.swift; path = StudentController.swift; sourceTree = "<group>"; };
/* End PBXFileReference section */

/* Begin PBXFrameworksBuildPhase section */
		FAA281C01D7F963F00B70F13 /* Frameworks */ = {
			isa = PBXFrameworksBuildPhase;
			buildActionMask = 2147483647;
			files = (
			);
			runOnlyForDeploymentPostprocessing = 0;
		};
		FAA281D41D7F963F00B70F13 /* Frameworks */ = {
			isa = PBXFrameworksBuildPhase;
			buildActionMask = 2147483647;
			files = (
			);
			runOnlyForDeploymentPostprocessing = 0;
		};
		FAA281DF1D7F963F00B70F13 /* Frameworks */ = {
			isa = PBXFrameworksBuildPhase;
			buildActionMask = 2147483647;
			files = (
			);
			runOnlyForDeploymentPostprocessing = 0;
		};
/* End PBXFrameworksBuildPhase section */

/* Begin PBXGroup section */
		FAA281BA1D7F963F00B70F13 = {
			isa = PBXGroup;
			children = (
				FAA281C51D7F963F00B70F13 /* PairRandomizer */,
				FAA281DA1D7F963F00B70F13 /* PairRandomizerTests */,
				FAA281E51D7F963F00B70F13 /* PairRandomizerUITests */,
				FAA281C41D7F963F00B70F13 /* Products */,
			);
			sourceTree = "<group>";
		};
		FAA281C41D7F963F00B70F13 /* Products */ = {
			isa = PBXGroup;
			children = (
				FAA281C31D7F963F00B70F13 /* PairRandomizer.app */,
				FAA281D71D7F963F00B70F13 /* PairRandomizerTests.xctest */,
				FAA281E21D7F963F00B70F13 /* PairRandomizerUITests.xctest */,
			);
			name = Products;
			sourceTree = "<group>";
		};
		FAA281C51D7F963F00B70F13 /* PairRandomizer */ = {
			isa = PBXGroup;
			children = (
				FAA282021D7FA4DE00B70F13 /* Model Objects */,
				FAA282011D7FA4CC00B70F13 /* Model Controller */,
				FAA282051D7FA56400B70F13 /* Core */,
				FAA282061D7FA58100B70F13 /* ViewControllers */,
				FAA282071D7FA59300B70F13 /* Storyboards */,
				FAA281CD1D7F963F00B70F13 /* Assets.xcassets */,
				FAA281D21D7F963F00B70F13 /* Info.plist */,
			);
			path = PairRandomizer;
			sourceTree = "<group>";
		};
		FAA281DA1D7F963F00B70F13 /* PairRandomizerTests */ = {
			isa = PBXGroup;
			children = (
				FAA281DB1D7F963F00B70F13 /* PairRandomizerTests.swift */,
				FAA281DD1D7F963F00B70F13 /* Info.plist */,
			);
			path = PairRandomizerTests;
			sourceTree = "<group>";
		};
		FAA281E51D7F963F00B70F13 /* PairRandomizerUITests */ = {
			isa = PBXGroup;
			children = (
				FAA281E61D7F963F00B70F13 /* PairRandomizerUITests.swift */,
				FAA281E81D7F963F00B70F13 /* Info.plist */,
			);
			path = PairRandomizerUITests;
			sourceTree = "<group>";
		};
		FAA282011D7FA4CC00B70F13 /* Model Controller */ = {
			isa = PBXGroup;
			children = (
				FAA281FF1D7FA4B200B70F13 /* SubjectController.swift */,
				FAA282081D7FAB1000B70F13 /* StudentController.swift */,
			);
			name = "Model Controller";
			sourceTree = "<group>";
		};
		FAA282021D7FA4DE00B70F13 /* Model Objects */ = {
			isa = PBXGroup;
			children = (
				FAA281F41D7F9F0D00B70F13 /* Model.xcdatamodeld */,
				FAA281F71D7FA12900B70F13 /* Student+CoreDataProperties.swift */,
				FAA281F81D7FA12900B70F13 /* Student.swift */,
				FAA281F91D7FA12900B70F13 /* Subject+CoreDataProperties.swift */,
				FAA281FA1D7FA12900B70F13 /* Subject.swift */,
			);
			name = "Model Objects";
			sourceTree = "<group>";
		};
		FAA282051D7FA56400B70F13 /* Core */ = {
			isa = PBXGroup;
			children = (
				FAA282031D7FA55000B70F13 /* Stack.swift */,
				FAA281C61D7F963F00B70F13 /* AppDelegate.swift */,
			);
			name = Core;
			sourceTree = "<group>";
		};
		FAA282061D7FA58100B70F13 /* ViewControllers */ = {
			isa = PBXGroup;
			children = (
				FAA281C81D7F963F00B70F13 /* ViewController.swift */,
			);
			name = ViewControllers;
			sourceTree = "<group>";
		};
		FAA282071D7FA59300B70F13 /* Storyboards */ = {
			isa = PBXGroup;
			children = (
				FAA281CA1D7F963F00B70F13 /* Main.storyboard */,
				FAA281CF1D7F963F00B70F13 /* LaunchScreen.storyboard */,
			);
			name = Storyboards;
			sourceTree = "<group>";
		};
/* End PBXGroup section */

/* Begin PBXNativeTarget section */
		FAA281C21D7F963F00B70F13 /* PairRandomizer */ = {
			isa = PBXNativeTarget;
			buildConfigurationList = FAA281EB1D7F963F00B70F13 /* Build configuration list for PBXNativeTarget "PairRandomizer" */;
			buildPhases = (
				FAA281BF1D7F963F00B70F13 /* Sources */,
				FAA281C01D7F963F00B70F13 /* Frameworks */,
				FAA281C11D7F963F00B70F13 /* Resources */,
			);
			buildRules = (
			);
			dependencies = (
			);
			name = PairRandomizer;
			productName = PairRandomizer;
			productReference = FAA281C31D7F963F00B70F13 /* PairRandomizer.app */;
			productType = "com.apple.product-type.application";
		};
		FAA281D61D7F963F00B70F13 /* PairRandomizerTests */ = {
			isa = PBXNativeTarget;
			buildConfigurationList = FAA281EE1D7F963F00B70F13 /* Build configuration list for PBXNativeTarget "PairRandomizerTests" */;
			buildPhases = (
				FAA281D31D7F963F00B70F13 /* Sources */,
				FAA281D41D7F963F00B70F13 /* Frameworks */,
				FAA281D51D7F963F00B70F13 /* Resources */,
			);
			buildRules = (
			);
			dependencies = (
				FAA281D91D7F963F00B70F13 /* PBXTargetDependency */,
			);
			name = PairRandomizerTests;
			productName = PairRandomizerTests;
			productReference = FAA281D71D7F963F00B70F13 /* PairRandomizerTests.xctest */;
			productType = "com.apple.product-type.bundle.unit-test";
		};
		FAA281E11D7F963F00B70F13 /* PairRandomizerUITests */ = {
			isa = PBXNativeTarget;
			buildConfigurationList = FAA281F11D7F963F00B70F13 /* Build configuration list for PBXNativeTarget "PairRandomizerUITests" */;
			buildPhases = (
				FAA281DE1D7F963F00B70F13 /* Sources */,
				FAA281DF1D7F963F00B70F13 /* Frameworks */,
				FAA281E01D7F963F00B70F13 /* Resources */,
			);
			buildRules = (
			);
			dependencies = (
				FAA281E41D7F963F00B70F13 /* PBXTargetDependency */,
			);
			name = PairRandomizerUITests;
			productName = PairRandomizerUITests;
			productReference = FAA281E21D7F963F00B70F13 /* PairRandomizerUITests.xctest */;
			productType = "com.apple.product-type.bundle.ui-testing";
		};
/* End PBXNativeTarget section */

/* Begin PBXProject section */
		FAA281BB1D7F963F00B70F13 /* Project object */ = {
			isa = PBXProject;
			attributes = {
				LastSwiftUpdateCheck = 0730;
				LastUpgradeCheck = 0730;
				ORGANIZATIONNAME = Nonsense;
				TargetAttributes = {
					FAA281C21D7F963F00B70F13 = {
						CreatedOnToolsVersion = 7.3;
					};
					FAA281D61D7F963F00B70F13 = {
						CreatedOnToolsVersion = 7.3;
						TestTargetID = FAA281C21D7F963F00B70F13;
					};
					FAA281E11D7F963F00B70F13 = {
						CreatedOnToolsVersion = 7.3;
						TestTargetID = FAA281C21D7F963F00B70F13;
					};
				};
			};
			buildConfigurationList = FAA281BE1D7F963F00B70F13 /* Build configuration list for PBXProject "PairRandomizer" */;
			compatibilityVersion = "Xcode 3.2";
			developmentRegion = English;
			hasScannedForEncodings = 0;
			knownRegions = (
				en,
				Base,
			);
			mainGroup = FAA281BA1D7F963F00B70F13;
			productRefGroup = FAA281C41D7F963F00B70F13 /* Products */;
			projectDirPath = "";
			projectRoot = "";
			targets = (
				FAA281C21D7F963F00B70F13 /* PairRandomizer */,
				FAA281D61D7F963F00B70F13 /* PairRandomizerTests */,
				FAA281E11D7F963F00B70F13 /* PairRandomizerUITests */,
			);
		};
/* End PBXProject section */

/* Begin PBXResourcesBuildPhase section */
		FAA281C11D7F963F00B70F13 /* Resources */ = {
			isa = PBXResourcesBuildPhase;
			buildActionMask = 2147483647;
			files = (
				FAA281D11D7F963F00B70F13 /* LaunchScreen.storyboard in Resources */,
				FAA281CE1D7F963F00B70F13 /* Assets.xcassets in Resources */,
				FAA281CC1D7F963F00B70F13 /* Main.storyboard in Resources */,
			);
			runOnlyForDeploymentPostprocessing = 0;
		};
		FAA281D51D7F963F00B70F13 /* Resources */ = {
			isa = PBXResourcesBuildPhase;
			buildActionMask = 2147483647;
			files = (
			);
			runOnlyForDeploymentPostprocessing = 0;
		};
		FAA281E01D7F963F00B70F13 /* Resources */ = {
			isa = PBXResourcesBuildPhase;
			buildActionMask = 2147483647;
			files = (
			);
			runOnlyForDeploymentPostprocessing = 0;
		};
/* End PBXResourcesBuildPhase section */

/* Begin PBXSourcesBuildPhase section */
		FAA281BF1D7F963F00B70F13 /* Sources */ = {
			isa = PBXSourcesBuildPhase;
			buildActionMask = 2147483647;
			files = (
				FAA281FD1D7FA12900B70F13 /* Subject+CoreDataProperties.swift in Sources */,
				FAA282041D7FA55000B70F13 /* Stack.swift in Sources */,
				FAA281C91D7F963F00B70F13 /* ViewController.swift in Sources */,
				FAA281FE1D7FA12900B70F13 /* Subject.swift in Sources */,
				FAA281C71D7F963F00B70F13 /* AppDelegate.swift in Sources */,
				FAA282091D7FAB1000B70F13 /* StudentController.swift in Sources */,
				FAA281FB1D7FA12900B70F13 /* Student+CoreDataProperties.swift in Sources */,
				FAA281FC1D7FA12900B70F13 /* Student.swift in Sources */,
				FAA282001D7FA4B200B70F13 /* SubjectController.swift in Sources */,
				FAA281F61D7F9F0D00B70F13 /* Model.xcdatamodeld in Sources */,
			);
			runOnlyForDeploymentPostprocessing = 0;
		};
		FAA281D31D7F963F00B70F13 /* Sources */ = {
			isa = PBXSourcesBuildPhase;
			buildActionMask = 2147483647;
			files = (
				FAA281DC1D7F963F00B70F13 /* PairRandomizerTests.swift in Sources */,
			);
			runOnlyForDeploymentPostprocessing = 0;
		};
		FAA281DE1D7F963F00B70F13 /* Sources */ = {
			isa = PBXSourcesBuildPhase;
			buildActionMask = 2147483647;
			files = (
				FAA281E71D7F963F00B70F13 /* PairRandomizerUITests.swift in Sources */,
			);
			runOnlyForDeploymentPostprocessing = 0;
		};
/* End PBXSourcesBuildPhase section */

/* Begin PBXTargetDependency section */
		FAA281D91D7F963F00B70F13 /* PBXTargetDependency */ = {
			isa = PBXTargetDependency;
			target = FAA281C21D7F963F00B70F13 /* PairRandomizer */;
			targetProxy = FAA281D81D7F963F00B70F13 /* PBXContainerItemProxy */;
		};
		FAA281E41D7F963F00B70F13 /* PBXTargetDependency */ = {
			isa = PBXTargetDependency;
			target = FAA281C21D7F963F00B70F13 /* PairRandomizer */;
			targetProxy = FAA281E31D7F963F00B70F13 /* PBXContainerItemProxy */;
		};
/* End PBXTargetDependency section */

/* Begin PBXVariantGroup section */
		FAA281CA1D7F963F00B70F13 /* Main.storyboard */ = {
			isa = PBXVariantGroup;
			children = (
				FAA281CB1D7F963F00B70F13 /* Base */,
			);
			name = Main.storyboard;
			sourceTree = "<group>";
		};
		FAA281CF1D7F963F00B70F13 /* LaunchScreen.storyboard */ = {
			isa = PBXVariantGroup;
			children = (
				FAA281D01D7F963F00B70F13 /* Base */,
			);
			name = LaunchScreen.storyboard;
			sourceTree = "<group>";
		};
/* End PBXVariantGroup section */

/* Begin XCBuildConfiguration section */
		FAA281E91D7F963F00B70F13 /* Debug */ = {
			isa = XCBuildConfiguration;
			buildSettings = {
				ALWAYS_SEARCH_USER_PATHS = NO;
				CLANG_ANALYZER_NONNULL = YES;
				CLANG_CXX_LANGUAGE_STANDARD = "gnu++0x";
				CLANG_CXX_LIBRARY = "libc++";
				CLANG_ENABLE_MODULES = YES;
				CLANG_ENABLE_OBJC_ARC = YES;
				CLANG_WARN_BOOL_CONVERSION = YES;
				CLANG_WARN_CONSTANT_CONVERSION = YES;
				CLANG_WARN_DIRECT_OBJC_ISA_USAGE = YES_ERROR;
				CLANG_WARN_EMPTY_BODY = YES;
				CLANG_WARN_ENUM_CONVERSION = YES;
				CLANG_WARN_INT_CONVERSION = YES;
				CLANG_WARN_OBJC_ROOT_CLASS = YES_ERROR;
				CLANG_WARN_UNREACHABLE_CODE = YES;
				CLANG_WARN__DUPLICATE_METHOD_MATCH = YES;
				"CODE_SIGN_IDENTITY[sdk=iphoneos*]" = "iPhone Developer";
				COPY_PHASE_STRIP = NO;
				DEBUG_INFORMATION_FORMAT = dwarf;
				ENABLE_STRICT_OBJC_MSGSEND = YES;
				ENABLE_TESTABILITY = YES;
				GCC_C_LANGUAGE_STANDARD = gnu99;
				GCC_DYNAMIC_NO_PIC = NO;
				GCC_NO_COMMON_BLOCKS = YES;
				GCC_OPTIMIZATION_LEVEL = 0;
				GCC_PREPROCESSOR_DEFINITIONS = (
					"DEBUG=1",
					"$(inherited)",
				);
				GCC_WARN_64_TO_32_BIT_CONVERSION = YES;
				GCC_WARN_ABOUT_RETURN_TYPE = YES_ERROR;
				GCC_WARN_UNDECLARED_SELECTOR = YES;
				GCC_WARN_UNINITIALIZED_AUTOS = YES_AGGRESSIVE;
				GCC_WARN_UNUSED_FUNCTION = YES;
				GCC_WARN_UNUSED_VARIABLE = YES;
				IPHONEOS_DEPLOYMENT_TARGET = 9.3;
				MTL_ENABLE_DEBUG_INFO = YES;
				ONLY_ACTIVE_ARCH = YES;
				SDKROOT = iphoneos;
				SWIFT_OPTIMIZATION_LEVEL = "-Onone";
			};
			name = Debug;
		};
		FAA281EA1D7F963F00B70F13 /* Release */ = {
			isa = XCBuildConfiguration;
			buildSettings = {
				ALWAYS_SEARCH_USER_PATHS = NO;
				CLANG_ANALYZER_NONNULL = YES;
				CLANG_CXX_LANGUAGE_STANDARD = "gnu++0x";
				CLANG_CXX_LIBRARY = "libc++";
				CLANG_ENABLE_MODULES = YES;
				CLANG_ENABLE_OBJC_ARC = YES;
				CLANG_WARN_BOOL_CONVERSION = YES;
				CLANG_WARN_CONSTANT_CONVERSION = YES;
				CLANG_WARN_DIRECT_OBJC_ISA_USAGE = YES_ERROR;
				CLANG_WARN_EMPTY_BODY = YES;
				CLANG_WARN_ENUM_CONVERSION = YES;
				CLANG_WARN_INT_CONVERSION = YES;
				CLANG_WARN_OBJC_ROOT_CLASS = YES_ERROR;
				CLANG_WARN_UNREACHABLE_CODE = YES;
				CLANG_WARN__DUPLICATE_METHOD_MATCH = YES;
				"CODE_SIGN_IDENTITY[sdk=iphoneos*]" = "iPhone Developer";
				COPY_PHASE_STRIP = NO;
				DEBUG_INFORMATION_FORMAT = "dwarf-with-dsym";
				ENABLE_NS_ASSERTIONS = NO;
				ENABLE_STRICT_OBJC_MSGSEND = YES;
				GCC_C_LANGUAGE_STANDARD = gnu99;
				GCC_NO_COMMON_BLOCKS = YES;
				GCC_WARN_64_TO_32_BIT_CONVERSION = YES;
				GCC_WARN_ABOUT_RETURN_TYPE = YES_ERROR;
				GCC_WARN_UNDECLARED_SELECTOR = YES;
				GCC_WARN_UNINITIALIZED_AUTOS = YES_AGGRESSIVE;
				GCC_WARN_UNUSED_FUNCTION = YES;
				GCC_WARN_UNUSED_VARIABLE = YES;
				IPHONEOS_DEPLOYMENT_TARGET = 9.3;
				MTL_ENABLE_DEBUG_INFO = NO;
				SDKROOT = iphoneos;
				VALIDATE_PRODUCT = YES;
			};
			name = Release;
		};
		FAA281EC1D7F963F00B70F13 /* Debug */ = {
			isa = XCBuildConfiguration;
			buildSettings = {
				ASSETCATALOG_COMPILER_APPICON_NAME = AppIcon;
				INFOPLIST_FILE = PairRandomizer/Info.plist;
				LD_RUNPATH_SEARCH_PATHS = "$(inherited) @executable_path/Frameworks";
				PRODUCT_BUNDLE_IDENTIFIER = com.Nonsense.PairRandomizer;
				PRODUCT_NAME = "$(TARGET_NAME)";
			};
			name = Debug;
		};
		FAA281ED1D7F963F00B70F13 /* Release */ = {
			isa = XCBuildConfiguration;
			buildSettings = {
				ASSETCATALOG_COMPILER_APPICON_NAME = AppIcon;
				INFOPLIST_FILE = PairRandomizer/Info.plist;
				LD_RUNPATH_SEARCH_PATHS = "$(inherited) @executable_path/Frameworks";
				PRODUCT_BUNDLE_IDENTIFIER = com.Nonsense.PairRandomizer;
				PRODUCT_NAME = "$(TARGET_NAME)";
			};
			name = Release;
		};
		FAA281EF1D7F963F00B70F13 /* Debug */ = {
			isa = XCBuildConfiguration;
			buildSettings = {
				BUNDLE_LOADER = "$(TEST_HOST)";
				INFOPLIST_FILE = PairRandomizerTests/Info.plist;
				LD_RUNPATH_SEARCH_PATHS = "$(inherited) @executable_path/Frameworks @loader_path/Frameworks";
				PRODUCT_BUNDLE_IDENTIFIER = com.Nonsense.PairRandomizerTests;
				PRODUCT_NAME = "$(TARGET_NAME)";
				TEST_HOST = "$(BUILT_PRODUCTS_DIR)/PairRandomizer.app/PairRandomizer";
			};
			name = Debug;
		};
		FAA281F01D7F963F00B70F13 /* Release */ = {
			isa = XCBuildConfiguration;
			buildSettings = {
				BUNDLE_LOADER = "$(TEST_HOST)";
				INFOPLIST_FILE = PairRandomizerTests/Info.plist;
				LD_RUNPATH_SEARCH_PATHS = "$(inherited) @executable_path/Frameworks @loader_path/Frameworks";
				PRODUCT_BUNDLE_IDENTIFIER = com.Nonsense.PairRandomizerTests;
				PRODUCT_NAME = "$(TARGET_NAME)";
				TEST_HOST = "$(BUILT_PRODUCTS_DIR)/PairRandomizer.app/PairRandomizer";
			};
			name = Release;
		};
		FAA281F21D7F963F00B70F13 /* Debug */ = {
			isa = XCBuildConfiguration;
			buildSettings = {
				INFOPLIST_FILE = PairRandomizerUITests/Info.plist;
				LD_RUNPATH_SEARCH_PATHS = "$(inherited) @executable_path/Frameworks @loader_path/Frameworks";
				PRODUCT_BUNDLE_IDENTIFIER = com.Nonsense.PairRandomizerUITests;
				PRODUCT_NAME = "$(TARGET_NAME)";
				TEST_TARGET_NAME = PairRandomizer;
			};
			name = Debug;
		};
		FAA281F31D7F963F00B70F13 /* Release */ = {
			isa = XCBuildConfiguration;
			buildSettings = {
				INFOPLIST_FILE = PairRandomizerUITests/Info.plist;
				LD_RUNPATH_SEARCH_PATHS = "$(inherited) @executable_path/Frameworks @loader_path/Frameworks";
				PRODUCT_BUNDLE_IDENTIFIER = com.Nonsense.PairRandomizerUITests;
				PRODUCT_NAME = "$(TARGET_NAME)";
				TEST_TARGET_NAME = PairRandomizer;
			};
			name = Release;
		};
/* End XCBuildConfiguration section */

/* Begin XCConfigurationList section */
		FAA281BE1D7F963F00B70F13 /* Build configuration list for PBXProject "PairRandomizer" */ = {
			isa = XCConfigurationList;
			buildConfigurations = (
				FAA281E91D7F963F00B70F13 /* Debug */,
				FAA281EA1D7F963F00B70F13 /* Release */,
			);
			defaultConfigurationIsVisible = 0;
			defaultConfigurationName = Release;
		};
		FAA281EB1D7F963F00B70F13 /* Build configuration list for PBXNativeTarget "PairRandomizer" */ = {
			isa = XCConfigurationList;
			buildConfigurations = (
				FAA281EC1D7F963F00B70F13 /* Debug */,
				FAA281ED1D7F963F00B70F13 /* Release */,
			);
			defaultConfigurationIsVisible = 0;
			defaultConfigurationName = Release;
		};
		FAA281EE1D7F963F00B70F13 /* Build configuration list for PBXNativeTarget "PairRandomizerTests" */ = {
			isa = XCConfigurationList;
			buildConfigurations = (
				FAA281EF1D7F963F00B70F13 /* Debug */,
				FAA281F01D7F963F00B70F13 /* Release */,
			);
			defaultConfigurationIsVisible = 0;
			defaultConfigurationName = Release;
		};
		FAA281F11D7F963F00B70F13 /* Build configuration list for PBXNativeTarget "PairRandomizerUITests" */ = {
			isa = XCConfigurationList;
			buildConfigurations = (
				FAA281F21D7F963F00B70F13 /* Debug */,
				FAA281F31D7F963F00B70F13 /* Release */,
			);
			defaultConfigurationIsVisible = 0;
			defaultConfigurationName = Release;
		};
/* End XCConfigurationList section */

/* Begin XCVersionGroup section */
		FAA281F41D7F9F0D00B70F13 /* Model.xcdatamodeld */ = {
			isa = XCVersionGroup;
			children = (
				FAA281F51D7F9F0D00B70F13 /* Model.xcdatamodel */,
			);
			currentVersion = FAA281F51D7F9F0D00B70F13 /* Model.xcdatamodel */;
			path = Model.xcdatamodeld;
			sourceTree = "<group>";
			versionGroupType = wrapper.xcdatamodel;
		};
/* End XCVersionGroup section */
	};
	rootObject = FAA281BB1D7F963F00B70F13 /* Project object */;
}
